// !$*UTF8*$!
{
	archiveVersion = 1;
	classes = {
	};
	objectVersion = 46;
	objects = {

/* Begin PBXBuildFile section */
		2E03F596852E8B5D48B14A28 /* Pods_BookMark.framework in Frameworks */ = {isa = PBXBuildFile; fileRef = 79A71BA6FEC37190DCB6F2F8 /* Pods_BookMark.framework */; };
		912231D61CDBC32D00B46709 /* UIImageView+loadImageWithURL.swift in Sources */ = {isa = PBXBuildFile; fileRef = 912231D51CDBC32D00B46709 /* UIImageView+loadImageWithURL.swift */; };
		912231D81CDBC53200B46709 /* BookmarkImagePickerVC.swift in Sources */ = {isa = PBXBuildFile; fileRef = 912231D71CDBC53200B46709 /* BookmarkImagePickerVC.swift */; };
		918D38491CD93AEE00C32FB3 /* AppDelegate.swift in Sources */ = {isa = PBXBuildFile; fileRef = 918D38481CD93AEE00C32FB3 /* AppDelegate.swift */; };
		918D384E1CD93AEE00C32FB3 /* Main.storyboard in Resources */ = {isa = PBXBuildFile; fileRef = 918D384C1CD93AEE00C32FB3 /* Main.storyboard */; };
		918D38501CD93AEE00C32FB3 /* Assets.xcassets in Resources */ = {isa = PBXBuildFile; fileRef = 918D384F1CD93AEE00C32FB3 /* Assets.xcassets */; };
		918D38531CD93AEE00C32FB3 /* LaunchScreen.storyboard in Resources */ = {isa = PBXBuildFile; fileRef = 918D38511CD93AEE00C32FB3 /* LaunchScreen.storyboard */; };
		918D385B1CD93B2300C32FB3 /* CDHelper.swift in Sources */ = {isa = PBXBuildFile; fileRef = 918D385A1CD93B2300C32FB3 /* CDHelper.swift */; };
		918D385D1CD93B5B00C32FB3 /* BookMarksViewController.swift in Sources */ = {isa = PBXBuildFile; fileRef = 918D385C1CD93B5B00C32FB3 /* BookMarksViewController.swift */; };
		918D385F1CD93D7E00C32FB3 /* UIViewController+FillWithView.swift in Sources */ = {isa = PBXBuildFile; fileRef = 918D385E1CD93D7E00C32FB3 /* UIViewController+FillWithView.swift */; };
		918D38621CD93E3500C32FB3 /* Model.xcdatamodeld in Sources */ = {isa = PBXBuildFile; fileRef = 918D38601CD93E3500C32FB3 /* Model.xcdatamodeld */; };
		918D38641CD93F1200C32FB3 /* NewBookMarkViewController.swift in Sources */ = {isa = PBXBuildFile; fileRef = 918D38631CD93F1200C32FB3 /* NewBookMarkViewController.swift */; };
		918D38671CD9501B00C32FB3 /* BookMark+CoreDataProperties.swift in Sources */ = {isa = PBXBuildFile; fileRef = 918D38651CD9501B00C32FB3 /* BookMark+CoreDataProperties.swift */; };
		918D38681CD9501B00C32FB3 /* BookMark.swift in Sources */ = {isa = PBXBuildFile; fileRef = 918D38661CD9501B00C32FB3 /* BookMark.swift */; };
		918D386A1CD95AFB00C32FB3 /* TableViewFetchedResultsDelegate.swift in Sources */ = {isa = PBXBuildFile; fileRef = 918D38691CD95AFB00C32FB3 /* TableViewFetchedResultsDelegate.swift */; };
		918D386C1CD95F3700C32FB3 /* BookMarksTableViewCell.swift in Sources */ = {isa = PBXBuildFile; fileRef = 918D386B1CD95F3700C32FB3 /* BookMarksTableViewCell.swift */; };
		918D38721CD97F6A00C32FB3 /* EditBookMarkViewController.swift in Sources */ = {isa = PBXBuildFile; fileRef = 918D38711CD97F6A00C32FB3 /* EditBookMarkViewController.swift */; };
		918DDB541CDC1AEA006204AC /* BookMarkArtIV.swift in Sources */ = {isa = PBXBuildFile; fileRef = 918DDB531CDC1AEA006204AC /* BookMarkArtIV.swift */; };
/* End PBXBuildFile section */

/* Begin PBXFileReference section */
		5C6F74A51253C5C6F6C02F3F /* Pods-BookMark.release.xcconfig */ = {isa = PBXFileReference; includeInIndex = 1; lastKnownFileType = text.xcconfig; name = "Pods-BookMark.release.xcconfig"; path = "Pods/Target Support Files/Pods-BookMark/Pods-BookMark.release.xcconfig"; sourceTree = "<group>"; };
		79A71BA6FEC37190DCB6F2F8 /* Pods_BookMark.framework */ = {isa = PBXFileReference; explicitFileType = wrapper.framework; includeInIndex = 0; path = Pods_BookMark.framework; sourceTree = BUILT_PRODUCTS_DIR; };
		912231D51CDBC32D00B46709 /* UIImageView+loadImageWithURL.swift */ = {isa = PBXFileReference; fileEncoding = 4; lastKnownFileType = sourcecode.swift; path = "UIImageView+loadImageWithURL.swift"; sourceTree = "<group>"; };
		912231D71CDBC53200B46709 /* BookmarkImagePickerVC.swift */ = {isa = PBXFileReference; fileEncoding = 4; lastKnownFileType = sourcecode.swift; path = BookmarkImagePickerVC.swift; sourceTree = "<group>"; };
		918D38451CD93AEE00C32FB3 /* BookMark.app */ = {isa = PBXFileReference; explicitFileType = wrapper.application; includeInIndex = 0; path = BookMark.app; sourceTree = BUILT_PRODUCTS_DIR; };
		918D38481CD93AEE00C32FB3 /* AppDelegate.swift */ = {isa = PBXFileReference; lastKnownFileType = sourcecode.swift; path = AppDelegate.swift; sourceTree = "<group>"; };
		918D384D1CD93AEE00C32FB3 /* Base */ = {isa = PBXFileReference; lastKnownFileType = file.storyboard; name = Base; path = Base.lproj/Main.storyboard; sourceTree = "<group>"; };
		918D384F1CD93AEE00C32FB3 /* Assets.xcassets */ = {isa = PBXFileReference; lastKnownFileType = folder.assetcatalog; path = Assets.xcassets; sourceTree = "<group>"; };
		918D38521CD93AEE00C32FB3 /* Base */ = {isa = PBXFileReference; lastKnownFileType = file.storyboard; name = Base; path = Base.lproj/LaunchScreen.storyboard; sourceTree = "<group>"; };
		918D38541CD93AEE00C32FB3 /* Info.plist */ = {isa = PBXFileReference; lastKnownFileType = text.plist.xml; path = Info.plist; sourceTree = "<group>"; };
		918D385A1CD93B2300C32FB3 /* CDHelper.swift */ = {isa = PBXFileReference; fileEncoding = 4; lastKnownFileType = sourcecode.swift; path = CDHelper.swift; sourceTree = "<group>"; };
		918D385C1CD93B5B00C32FB3 /* BookMarksViewController.swift */ = {isa = PBXFileReference; fileEncoding = 4; lastKnownFileType = sourcecode.swift; path = BookMarksViewController.swift; sourceTree = "<group>"; };
		918D385E1CD93D7E00C32FB3 /* UIViewController+FillWithView.swift */ = {isa = PBXFileReference; fileEncoding = 4; lastKnownFileType = sourcecode.swift; path = "UIViewController+FillWithView.swift"; sourceTree = "<group>"; };
		918D38611CD93E3500C32FB3 /* Model.xcdatamodel */ = {isa = PBXFileReference; lastKnownFileType = wrapper.xcdatamodel; path = Model.xcdatamodel; sourceTree = "<group>"; };
		918D38631CD93F1200C32FB3 /* NewBookMarkViewController.swift */ = {isa = PBXFileReference; fileEncoding = 4; lastKnownFileType = sourcecode.swift; path = NewBookMarkViewController.swift; sourceTree = "<group>"; };
		918D38651CD9501B00C32FB3 /* BookMark+CoreDataProperties.swift */ = {isa = PBXFileReference; fileEncoding = 4; lastKnownFileType = sourcecode.swift; path = "BookMark+CoreDataProperties.swift"; sourceTree = "<group>"; };
		918D38661CD9501B00C32FB3 /* BookMark.swift */ = {isa = PBXFileReference; fileEncoding = 4; lastKnownFileType = sourcecode.swift; path = BookMark.swift; sourceTree = "<group>"; };
		918D38691CD95AFB00C32FB3 /* TableViewFetchedResultsDelegate.swift */ = {isa = PBXFileReference; fileEncoding = 4; lastKnownFileType = sourcecode.swift; path = TableViewFetchedResultsDelegate.swift; sourceTree = "<group>"; };
		918D386B1CD95F3700C32FB3 /* BookMarksTableViewCell.swift */ = {isa = PBXFileReference; fileEncoding = 4; lastKnownFileType = sourcecode.swift; path = BookMarksTableViewCell.swift; sourceTree = "<group>"; };
		918D38711CD97F6A00C32FB3 /* EditBookMarkViewController.swift */ = {isa = PBXFileReference; fileEncoding = 4; lastKnownFileType = sourcecode.swift; path = EditBookMarkViewController.swift; sourceTree = "<group>"; };
		918DDB531CDC1AEA006204AC /* BookMarkArtIV.swift */ = {isa = PBXFileReference; fileEncoding = 4; lastKnownFileType = sourcecode.swift; path = BookMarkArtIV.swift; sourceTree = "<group>"; };
		AD9DE4B9DBE27A8EB77AD3C1 /* Pods-BookMark.debug.xcconfig */ = {isa = PBXFileReference; includeInIndex = 1; lastKnownFileType = text.xcconfig; name = "Pods-BookMark.debug.xcconfig"; path = "Pods/Target Support Files/Pods-BookMark/Pods-BookMark.debug.xcconfig"; sourceTree = "<group>"; };
/* End PBXFileReference section */

/* Begin PBXFrameworksBuildPhase section */
		918D38421CD93AEE00C32FB3 /* Frameworks */ = {
			isa = PBXFrameworksBuildPhase;
			buildActionMask = 2147483647;
			files = (
				2E03F596852E8B5D48B14A28 /* Pods_BookMark.framework in Frameworks */,
			);
			runOnlyForDeploymentPostprocessing = 0;
		};
/* End PBXFrameworksBuildPhase section */

/* Begin PBXGroup section */
		7603C186FA333D20886C0429 /* Pods */ = {
			isa = PBXGroup;
			children = (
				AD9DE4B9DBE27A8EB77AD3C1 /* Pods-BookMark.debug.xcconfig */,
				5C6F74A51253C5C6F6C02F3F /* Pods-BookMark.release.xcconfig */,
			);
			name = Pods;
			sourceTree = "<group>";
		};
		918D383C1CD93AEE00C32FB3 = {
			isa = PBXGroup;
			children = (
				918D38471CD93AEE00C32FB3 /* BookMark */,
				918D38461CD93AEE00C32FB3 /* Products */,
				7603C186FA333D20886C0429 /* Pods */,
				A1EB9E98ACF2116073C3D74A /* Frameworks */,
			);
			sourceTree = "<group>";
		};
		918D38461CD93AEE00C32FB3 /* Products */ = {
			isa = PBXGroup;
			children = (
				918D38451CD93AEE00C32FB3 /* BookMark.app */,
			);
			name = Products;
			sourceTree = "<group>";
		};
		918D38471CD93AEE00C32FB3 /* BookMark */ = {
			isa = PBXGroup;
			children = (
				918D38651CD9501B00C32FB3 /* BookMark+CoreDataProperties.swift */,
				918D38661CD9501B00C32FB3 /* BookMark.swift */,
				918DDB521CDC1AB0006204AC /* BookmarkImagePickerVC */,
				918D38731CD9834100C32FB3 /* EditBookMarkVC */,
				918D38701CD961AE00C32FB3 /* NewBookMarkVC */,
				918D386F1CD9619400C32FB3 /* BookMarkVC */,
				918D386D1CD9614500C32FB3 /* Protcols */,
				918D386E1CD9616000C32FB3 /* Helpers */,
				918D38601CD93E3500C32FB3 /* Model.xcdatamodeld */,
				918D384C1CD93AEE00C32FB3 /* Main.storyboard */,
				918D384F1CD93AEE00C32FB3 /* Assets.xcassets */,
				918D38511CD93AEE00C32FB3 /* LaunchScreen.storyboard */,
				918D38541CD93AEE00C32FB3 /* Info.plist */,
			);
			path = BookMark;
			sourceTree = "<group>";
		};
		918D386D1CD9614500C32FB3 /* Protcols */ = {
			isa = PBXGroup;
			children = (
				918D38691CD95AFB00C32FB3 /* TableViewFetchedResultsDelegate.swift */,
			);
			name = Protcols;
			sourceTree = "<group>";
		};
		918D386E1CD9616000C32FB3 /* Helpers */ = {
			isa = PBXGroup;
			children = (
				918D38481CD93AEE00C32FB3 /* AppDelegate.swift */,
				918D385E1CD93D7E00C32FB3 /* UIViewController+FillWithView.swift */,
				912231D51CDBC32D00B46709 /* UIImageView+loadImageWithURL.swift */,
				918D385A1CD93B2300C32FB3 /* CDHelper.swift */,
			);
			name = Helpers;
			sourceTree = "<group>";
		};
		918D386F1CD9619400C32FB3 /* BookMarkVC */ = {
			isa = PBXGroup;
			children = (
				918D385C1CD93B5B00C32FB3 /* BookMarksViewController.swift */,
				918D386B1CD95F3700C32FB3 /* BookMarksTableViewCell.swift */,
			);
			name = BookMarkVC;
			sourceTree = "<group>";
		};
		918D38701CD961AE00C32FB3 /* NewBookMarkVC */ = {
			isa = PBXGroup;
			children = (
				918D38631CD93F1200C32FB3 /* NewBookMarkViewController.swift */,
			);
			name = NewBookMarkVC;
			sourceTree = "<group>";
		};
		918D38731CD9834100C32FB3 /* EditBookMarkVC */ = {
			isa = PBXGroup;
			children = (
				918D38711CD97F6A00C32FB3 /* EditBookMarkViewController.swift */,
			);
			name = EditBookMarkVC;
			sourceTree = "<group>";
		};
		918DDB521CDC1AB0006204AC /* BookmarkImagePickerVC */ = {
			isa = PBXGroup;
			children = (
				912231D71CDBC53200B46709 /* BookmarkImagePickerVC.swift */,
				918DDB531CDC1AEA006204AC /* BookMarkArtIV.swift */,
			);
			name = BookmarkImagePickerVC;
			sourceTree = "<group>";
		};
		A1EB9E98ACF2116073C3D74A /* Frameworks */ = {
			isa = PBXGroup;
			children = (
				79A71BA6FEC37190DCB6F2F8 /* Pods_BookMark.framework */,
			);
			name = Frameworks;
			sourceTree = "<group>";
		};
/* End PBXGroup section */

/* Begin PBXNativeTarget section */
		918D38441CD93AEE00C32FB3 /* BookMark */ = {
			isa = PBXNativeTarget;
			buildConfigurationList = 918D38571CD93AEE00C32FB3 /* Build configuration list for PBXNativeTarget "BookMark" */;
			buildPhases = (
				37AAB63B9A3D01FE92634408 /* Check Pods Manifest.lock */,
				918D38411CD93AEE00C32FB3 /* Sources */,
				918D38421CD93AEE00C32FB3 /* Frameworks */,
				918D38431CD93AEE00C32FB3 /* Resources */,
				4A4FE99B0E37291B0D5D7FBA /* Embed Pods Frameworks */,
				7BE319C4C42FA2B3B8BDAFE0 /* Copy Pods Resources */,
			);
			buildRules = (
			);
			dependencies = (
			);
			name = BookMark;
			productName = BookMark;
			productReference = 918D38451CD93AEE00C32FB3 /* BookMark.app */;
			productType = "com.apple.product-type.application";
		};
/* End PBXNativeTarget section */

/* Begin PBXProject section */
		918D383D1CD93AEE00C32FB3 /* Project object */ = {
			isa = PBXProject;
			attributes = {
				LastSwiftUpdateCheck = 0730;
				LastUpgradeCheck = 0730;
				ORGANIZATIONNAME = "Joshua Kuehn";
				TargetAttributes = {
					918D38441CD93AEE00C32FB3 = {
						CreatedOnToolsVersion = 7.3;
					};
				};
			};
			buildConfigurationList = 918D38401CD93AEE00C32FB3 /* Build configuration list for PBXProject "BookMark" */;
			compatibilityVersion = "Xcode 3.2";
			developmentRegion = English;
			hasScannedForEncodings = 0;
			knownRegions = (
				en,
				Base,
			);
			mainGroup = 918D383C1CD93AEE00C32FB3;
			productRefGroup = 918D38461CD93AEE00C32FB3 /* Products */;
			projectDirPath = "";
			projectRoot = "";
			targets = (
				918D38441CD93AEE00C32FB3 /* BookMark */,
			);
		};
/* End PBXProject section */

/* Begin PBXResourcesBuildPhase section */
		918D38431CD93AEE00C32FB3 /* Resources */ = {
			isa = PBXResourcesBuildPhase;
			buildActionMask = 2147483647;
			files = (
				918D38531CD93AEE00C32FB3 /* LaunchScreen.storyboard in Resources */,
				918D38501CD93AEE00C32FB3 /* Assets.xcassets in Resources */,
				918D384E1CD93AEE00C32FB3 /* Main.storyboard in Resources */,
			);
			runOnlyForDeploymentPostprocessing = 0;
		};
/* End PBXResourcesBuildPhase section */

/* Begin PBXShellScriptBuildPhase section */
		37AAB63B9A3D01FE92634408 /* Check Pods Manifest.lock */ = {
			isa = PBXShellScriptBuildPhase;
			buildActionMask = 2147483647;
			files = (
			);
			inputPaths = (
			);
			name = "Check Pods Manifest.lock";
			outputPaths = (
			);
			runOnlyForDeploymentPostprocessing = 0;
			shellPath = /bin/sh;
			shellScript = "diff \"${PODS_ROOT}/../Podfile.lock\" \"${PODS_ROOT}/Manifest.lock\" > /dev/null\nif [[ $? != 0 ]] ; then\n    cat << EOM\nerror: The sandbox is not in sync with the Podfile.lock. Run 'pod install' or update your CocoaPods installation.\nEOM\n    exit 1\nfi\n";
			showEnvVarsInLog = 0;
		};
		4A4FE99B0E37291B0D5D7FBA /* Embed Pods Frameworks */ = {
			isa = PBXShellScriptBuildPhase;
			buildActionMask = 2147483647;
			files = (
			);
			inputPaths = (
			);
			name = "Embed Pods Frameworks";
			outputPaths = (
			);
			runOnlyForDeploymentPostprocessing = 0;
			shellPath = /bin/sh;
			shellScript = "\"${SRCROOT}/Pods/Target Support Files/Pods-BookMark/Pods-BookMark-frameworks.sh\"\n";
			showEnvVarsInLog = 0;
		};
		7BE319C4C42FA2B3B8BDAFE0 /* Copy Pods Resources */ = {
			isa = PBXShellScriptBuildPhase;
			buildActionMask = 2147483647;
			files = (
			);
			inputPaths = (
			);
			name = "Copy Pods Resources";
			outputPaths = (
			);
			runOnlyForDeploymentPostprocessing = 0;
			shellPath = /bin/sh;
			shellScript = "\"${SRCROOT}/Pods/Target Support Files/Pods-BookMark/Pods-BookMark-resources.sh\"\n";
			showEnvVarsInLog = 0;
		};
/* End PBXShellScriptBuildPhase section */

/* Begin PBXSourcesBuildPhase section */
		918D38411CD93AEE00C32FB3 /* Sources */ = {
			isa = PBXSourcesBuildPhase;
			buildActionMask = 2147483647;
			files = (
				918DDB541CDC1AEA006204AC /* BookMarkArtIV.swift in Sources */,
				918D385F1CD93D7E00C32FB3 /* UIViewController+FillWithView.swift in Sources */,
				918D38491CD93AEE00C32FB3 /* AppDelegate.swift in Sources */,
				912231D81CDBC53200B46709 /* BookmarkImagePickerVC.swift in Sources */,
				918D38621CD93E3500C32FB3 /* Model.xcdatamodeld in Sources */,
				918D386A1CD95AFB00C32FB3 /* TableViewFetchedResultsDelegate.swift in Sources */,
				918D38641CD93F1200C32FB3 /* NewBookMarkViewController.swift in Sources */,
				918D385B1CD93B2300C32FB3 /* CDHelper.swift in Sources */,
				918D385D1CD93B5B00C32FB3 /* BookMarksViewController.swift in Sources */,
				918D38671CD9501B00C32FB3 /* BookMark+CoreDataProperties.swift in Sources */,
				918D38681CD9501B00C32FB3 /* BookMark.swift in Sources */,
				918D386C1CD95F3700C32FB3 /* BookMarksTableViewCell.swift in Sources */,
				912231D61CDBC32D00B46709 /* UIImageView+loadImageWithURL.swift in Sources */,
				918D38721CD97F6A00C32FB3 /* EditBookMarkViewController.swift in Sources */,
			);
			runOnlyForDeploymentPostprocessing = 0;
		};
/* End PBXSourcesBuildPhase section */

/* Begin PBXVariantGroup section */
		918D384C1CD93AEE00C32FB3 /* Main.storyboard */ = {
			isa = PBXVariantGroup;
			children = (
				918D384D1CD93AEE00C32FB3 /* Base */,
			);
			name = Main.storyboard;
			sourceTree = "<group>";
		};
		918D38511CD93AEE00C32FB3 /* LaunchScreen.storyboard */ = {
			isa = PBXVariantGroup;
			children = (
				918D38521CD93AEE00C32FB3 /* Base */,
			);
			name = LaunchScreen.storyboard;
			sourceTree = "<group>";
		};
/* End PBXVariantGroup section */

/* Begin XCBuildConfiguration section */
		918D38551CD93AEE00C32FB3 /* Debug */ = {
			isa = XCBuildConfiguration;
			buildSettings = {
				ALWAYS_SEARCH_USER_PATHS = NO;
				CLANG_ANALYZER_NONNULL = YES;
				CLANG_CXX_LANGUAGE_STANDARD = "gnu++0x";
				CLANG_CXX_LIBRARY = "libc++";
				CLANG_ENABLE_MODULES = YES;
				CLANG_ENABLE_OBJC_ARC = YES;
				CLANG_WARN_BOOL_CONVERSION = YES;
				CLANG_WARN_CONSTANT_CONVERSION = YES;
				CLANG_WARN_DIRECT_OBJC_ISA_USAGE = YES_ERROR;
				CLANG_WARN_EMPTY_BODY = YES;
				CLANG_WARN_ENUM_CONVERSION = YES;
				CLANG_WARN_INT_CONVERSION = YES;
				CLANG_WARN_OBJC_ROOT_CLASS = YES_ERROR;
				CLANG_WARN_UNREACHABLE_CODE = YES;
				CLANG_WARN__DUPLICATE_METHOD_MATCH = YES;
				"CODE_SIGN_IDENTITY[sdk=iphoneos*]" = "iPhone Developer";
				COPY_PHASE_STRIP = NO;
				DEBUG_INFORMATION_FORMAT = dwarf;
				ENABLE_STRICT_OBJC_MSGSEND = YES;
				ENABLE_TESTABILITY = YES;
				GCC_C_LANGUAGE_STANDARD = gnu99;
				GCC_DYNAMIC_NO_PIC = NO;
				GCC_NO_COMMON_BLOCKS = YES;
				GCC_OPTIMIZATION_LEVEL = 0;
				GCC_PREPROCESSOR_DEFINITIONS = (
					"DEBUG=1",
					"$(inherited)",
				);
				GCC_WARN_64_TO_32_BIT_CONVERSION = YES;
				GCC_WARN_ABOUT_RETURN_TYPE = YES_ERROR;
				GCC_WARN_UNDECLARED_SELECTOR = YES;
				GCC_WARN_UNINITIALIZED_AUTOS = YES_AGGRESSIVE;
				GCC_WARN_UNUSED_FUNCTION = YES;
				GCC_WARN_UNUSED_VARIABLE = YES;
				IPHONEOS_DEPLOYMENT_TARGET = 9.3;
				MTL_ENABLE_DEBUG_INFO = YES;
				ONLY_ACTIVE_ARCH = YES;
				SDKROOT = iphoneos;
				SWIFT_OPTIMIZATION_LEVEL = "-Onone";
				TARGETED_DEVICE_FAMILY = "1,2";
			};
			name = Debug;
		};
		918D38561CD93AEE00C32FB3 /* Release */ = {
			isa = XCBuildConfiguration;
			buildSettings = {
				ALWAYS_SEARCH_USER_PATHS = NO;
				CLANG_ANALYZER_NONNULL = YES;
				CLANG_CXX_LANGUAGE_STANDARD = "gnu++0x";
				CLANG_CXX_LIBRARY = "libc++";
				CLANG_ENABLE_MODULES = YES;
				CLANG_ENABLE_OBJC_ARC = YES;
				CLANG_WARN_BOOL_CONVERSION = YES;
				CLANG_WARN_CONSTANT_CONVERSION = YES;
				CLANG_WARN_DIRECT_OBJC_ISA_USAGE = YES_ERROR;
				CLANG_WARN_EMPTY_BODY = YES;
				CLANG_WARN_ENUM_CONVERSION = YES;
				CLANG_WARN_INT_CONVERSION = YES;
				CLANG_WARN_OBJC_ROOT_CLASS = YES_ERROR;
				CLANG_WARN_UNREACHABLE_CODE = YES;
				CLANG_WARN__DUPLICATE_METHOD_MATCH = YES;
				"CODE_SIGN_IDENTITY[sdk=iphoneos*]" = "iPhone Developer";
				COPY_PHASE_STRIP = NO;
				DEBUG_INFORMATION_FORMAT = "dwarf-with-dsym";
				ENABLE_NS_ASSERTIONS = NO;
				ENABLE_STRICT_OBJC_MSGSEND = YES;
				GCC_C_LANGUAGE_STANDARD = gnu99;
				GCC_NO_COMMON_BLOCKS = YES;
				GCC_WARN_64_TO_32_BIT_CONVERSION = YES;
				GCC_WARN_ABOUT_RETURN_TYPE = YES_ERROR;
				GCC_WARN_UNDECLARED_SELECTOR = YES;
				GCC_WARN_UNINITIALIZED_AUTOS = YES_AGGRESSIVE;
				GCC_WARN_UNUSED_FUNCTION = YES;
				GCC_WARN_UNUSED_VARIABLE = YES;
				IPHONEOS_DEPLOYMENT_TARGET = 9.3;
				MTL_ENABLE_DEBUG_INFO = NO;
				SDKROOT = iphoneos;
				TARGETED_DEVICE_FAMILY = "1,2";
				VALIDATE_PRODUCT = YES;
			};
			name = Release;
		};
		918D38581CD93AEE00C32FB3 /* Debug */ = {
			isa = XCBuildConfiguration;
			baseConfigurationReference = AD9DE4B9DBE27A8EB77AD3C1 /* Pods-BookMark.debug.xcconfig */;
			buildSettings = {
				ASSETCATALOG_COMPILER_APPICON_NAME = AppIcon;
				INFOPLIST_FILE = BookMark/Info.plist;
				LD_RUNPATH_SEARCH_PATHS = "$(inherited) @executable_path/Frameworks";
				PRODUCT_BUNDLE_IDENTIFIER = com.KuehnLLC.BookMark;
				PRODUCT_NAME = "$(TARGET_NAME)";
			};
			name = Debug;
		};
		918D38591CD93AEE00C32FB3 /* Release */ = {
			isa = XCBuildConfiguration;
			baseConfigurationReference = 5C6F74A51253C5C6F6C02F3F /* Pods-BookMark.release.xcconfig */;
			buildSettings = {
				ASSETCATALOG_COMPILER_APPICON_NAME = AppIcon;
				INFOPLIST_FILE = BookMark/Info.plist;
				LD_RUNPATH_SEARCH_PATHS = "$(inherited) @executable_path/Frameworks";
				PRODUCT_BUNDLE_IDENTIFIER = com.KuehnLLC.BookMark;
				PRODUCT_NAME = "$(TARGET_NAME)";
			};
			name = Release;
		};
/* End XCBuildConfiguration section */

/* Begin XCConfigurationList section */
		918D38401CD93AEE00C32FB3 /* Build configuration list for PBXProject "BookMark" */ = {
			isa = XCConfigurationList;
			buildConfigurations = (
				918D38551CD93AEE00C32FB3 /* Debug */,
				918D38561CD93AEE00C32FB3 /* Release */,
			);
			defaultConfigurationIsVisible = 0;
			defaultConfigurationName = Release;
		};
		918D38571CD93AEE00C32FB3 /* Build configuration list for PBXNativeTarget "BookMark" */ = {
			isa = XCConfigurationList;
			buildConfigurations = (
				918D38581CD93AEE00C32FB3 /* Debug */,
				918D38591CD93AEE00C32FB3 /* Release */,
			);
			defaultConfigurationIsVisible = 0;
			defaultConfigurationName = Release;
		};
/* End XCConfigurationList section */

/* Begin XCVersionGroup section */
		918D38601CD93E3500C32FB3 /* Model.xcdatamodeld */ = {
			isa = XCVersionGroup;
			children = (
				918D38611CD93E3500C32FB3 /* Model.xcdatamodel */,
			);
			currentVersion = 918D38611CD93E3500C32FB3 /* Model.xcdatamodel */;
			path = Model.xcdatamodeld;
			sourceTree = "<group>";
			versionGroupType = wrapper.xcdatamodel;
		};
/* End XCVersionGroup section */
	};
	rootObject = 918D383D1CD93AEE00C32FB3 /* Project object */;
}
